// !$*UTF8*$!
{
	archiveVersion = 1;
	classes = {
	};
	objectVersion = 56;
	objects = {

/* Begin PBXBuildFile section */
		A1000001000000000000001 /* HeartbeatsApp.swift in Sources */ = {isa = PBXBuildFile; fileRef = A2000001000000000000001 /* HeartbeatsApp.swift */; };
		A1000002000000000000001 /* PairingView.swift in Sources */ = {isa = PBXBuildFile; fileRef = A2000002000000000000001 /* PairingView.swift */; };
		A1000003000000000000001 /* PairsListView.swift in Sources */ = {isa = PBXBuildFile; fileRef = A2000003000000000000001 /* PairsListView.swift */; };
		A1000004000000000000001 /* MainTabView.swift in Sources */ = {isa = PBXBuildFile; fileRef = A2000004000000000000001 /* MainTabView.swift */; };
		A1000005000000000000001 /* PairedUser.swift in Sources */ = {isa = PBXBuildFile; fileRef = A2000005000000000000001 /* PairedUser.swift */; };
		A1000006000000000000001 /* HeartbeatSession.swift in Sources */ = {isa = PBXBuildFile; fileRef = A2000006000000000000001 /* HeartbeatSession.swift */; };
		A1000007000000000000001 /* FirebaseService.swift in Sources */ = {isa = PBXBuildFile; fileRef = A2000007000000000000001 /* FirebaseService.swift */; };
		A1000008000000000000001 /* WatchConnectivityManager.swift in Sources */ = {isa = PBXBuildFile; fileRef = A2000008000000000000001 /* WatchConnectivityManager.swift */; };
		A1000009000000000000001 /* HeartbeatsWatchApp.swift in Sources */ = {isa = PBXBuildFile; fileRef = A2000009000000000000001 /* HeartbeatsWatchApp.swift */; };
		A1000010000000000000001 /* HeartbeatStreamingView.swift in Sources */ = {isa = PBXBuildFile; fileRef = A2000010000000000000001 /* HeartbeatStreamingView.swift */; };
		A1000011000000000000001 /* HeartbeatReceivingView.swift in Sources */ = {isa = PBXBuildFile; fileRef = A2000011000000000000001 /* HeartbeatReceivingView.swift */; };
		A1000012000000000000001 /* HeartbeatViewModel.swift in Sources */ = {isa = PBXBuildFile; fileRef = A2000012000000000000001 /* HeartbeatViewModel.swift */; };
		A1000013000000000000001 /* HeartRateManager.swift in Sources */ = {isa = PBXBuildFile; fileRef = A2000013000000000000001 /* HeartRateManager.swift */; };
		A1000014000000000000001 /* HapticManager.swift in Sources */ = {isa = PBXBuildFile; fileRef = A2000014000000000000001 /* HapticManager.swift */; };
		A1000015000000000000001 /* SharedModels.swift in Sources */ = {isa = PBXBuildFile; fileRef = A2000015000000000000001 /* SharedModels.swift */; };
/* End PBXBuildFile section */

/* Begin PBXFileReference section */
		A0000001000000000000001 /* Heartbeats.app */ = {isa = PBXFileReference; explicitFileType = wrapper.application; includeInIndex = 0; path = Heartbeats.app; sourceTree = BUILT_PRODUCTS_DIR; };
		A0000002000000000000001 /* Heartbeats Watch App.app */ = {isa = PBXFileReference; explicitFileType = wrapper.application; includeInIndex = 0; path = "Heartbeats Watch App.app"; sourceTree = BUILT_PRODUCTS_DIR; };
		A2000001000000000000001 /* HeartbeatsApp.swift */ = {isa = PBXFileReference; lastKnownFileType = sourcecode.swift; path = HeartbeatsApp.swift; sourceTree = "<group>"; };
		A2000002000000000000001 /* PairingView.swift */ = {isa = PBXFileReference; lastKnownFileType = sourcecode.swift; path = PairingView.swift; sourceTree = "<group>"; };
		A2000003000000000000001 /* PairsListView.swift */ = {isa = PBXFileReference; lastKnownFileType = sourcecode.swift; path = PairsListView.swift; sourceTree = "<group>"; };
		A2000004000000000000001 /* MainTabView.swift */ = {isa = PBXFileReference; lastKnownFileType = sourcecode.swift; path = MainTabView.swift; sourceTree = "<group>"; };
		A2000005000000000000001 /* PairedUser.swift */ = {isa = PBXFileReference; lastKnownFileType = sourcecode.swift; path = PairedUser.swift; sourceTree = "<group>"; };
		A2000006000000000000001 /* HeartbeatSession.swift */ = {isa = PBXFileReference; lastKnownFileType = sourcecode.swift; path = HeartbeatSession.swift; sourceTree = "<group>"; };
		A2000007000000000000001 /* FirebaseService.swift */ = {isa = PBXFileReference; lastKnownFileType = sourcecode.swift; path = FirebaseService.swift; sourceTree = "<group>"; };
		A2000008000000000000001 /* WatchConnectivityManager.swift */ = {isa = PBXFileReference; lastKnownFileType = sourcecode.swift; path = WatchConnectivityManager.swift; sourceTree = "<group>"; };
		A2000009000000000000001 /* HeartbeatsWatchApp.swift */ = {isa = PBXFileReference; lastKnownFileType = sourcecode.swift; path = HeartbeatsWatchApp.swift; sourceTree = "<group>"; };
		A2000010000000000000001 /* HeartbeatStreamingView.swift */ = {isa = PBXFileReference; lastKnownFileType = sourcecode.swift; path = HeartbeatStreamingView.swift; sourceTree = "<group>"; };
		A2000011000000000000001 /* HeartbeatReceivingView.swift */ = {isa = PBXFileReference; lastKnownFileType = sourcecode.swift; path = HeartbeatReceivingView.swift; sourceTree = "<group>"; };
		A2000012000000000000001 /* HeartbeatViewModel.swift */ = {isa = PBXFileReference; lastKnownFileType = sourcecode.swift; path = HeartbeatViewModel.swift; sourceTree = "<group>"; };
		A2000013000000000000001 /* HeartRateManager.swift */ = {isa = PBXFileReference; lastKnownFileType = sourcecode.swift; path = HeartRateManager.swift; sourceTree = "<group>"; };
		A2000014000000000000001 /* HapticManager.swift */ = {isa = PBXFileReference; lastKnownFileType = sourcecode.swift; path = HapticManager.swift; sourceTree = "<group>"; };
		A2000015000000000000001 /* SharedModels.swift */ = {isa = PBXFileReference; lastKnownFileType = sourcecode.swift; path = SharedModels.swift; sourceTree = "<group>"; };
/* End PBXFileReference section */

/* Begin PBXFrameworksBuildPhase section */
		A3000001000000000000001 /* Frameworks */ = {
			isa = PBXFrameworksBuildPhase;
			buildActionMask = 2147483647;
			files = (
			);
			runOnlyForDeploymentPostprocessing = 0;
		};
		A3000002000000000000001 /* Frameworks */ = {
			isa = PBXFrameworksBuildPhase;
			buildActionMask = 2147483647;
			files = (
			);
			runOnlyForDeploymentPostprocessing = 0;
		};
/* End PBXFrameworksBuildPhase section */

/* Begin PBXGroup section */
		A4000001000000000000001 = {
			isa = PBXGroup;
			children = (
				A4000002000000000000001 /* Heartbeats */,
				A4000003000000000000001 /* Heartbeats Watch App */,
				A4000004000000000000001 /* Products */,
			);
			sourceTree = "<group>";
		};
		A4000002000000000000001 /* Heartbeats */ = {
			isa = PBXGroup;
			children = (
				A4000005000000000000001 /* App */,
				A4000006000000000000001 /* Views */,
				A4000007000000000000001 /* Models */,
				A4000008000000000000001 /* Services */,
				A4000009000000000000001 /* Resources */,
			);
			path = Heartbeats;
			sourceTree = "<group>";
		};
		A4000003000000000000001 /* Heartbeats Watch App */ = {
			isa = PBXGroup;
			children = (
				A400000B0000000000000001 /* Views */,
				A400000C0000000000000001 /* ViewModels */,
				A400000D0000000000000001 /* Managers */,
			);
			path = "Heartbeats Watch App";
			sourceTree = "<group>";
		};
		A4000004000000000000001 /* Products */ = {
			isa = PBXGroup;
			children = (
				A0000001000000000000001 /* Heartbeats.app */,
				A0000002000000000000001 /* Heartbeats Watch App.app */,
			);
			name = Products;
			sourceTree = "<group>";
		};
		A4000005000000000000001 /* App */ = {
			isa = PBXGroup;
			children = (
				A2000001000000000000001 /* HeartbeatsApp.swift */,
			);
			path = App;
			sourceTree = "<group>";
		};
		A4000006000000000000001 /* Views */ = {
			isa = PBXGroup;
			children = (
				A2000004000000000000001 /* MainTabView.swift */,
				A2000002000000000000001 /* PairingView.swift */,
				A2000003000000000000001 /* PairsListView.swift */,
			);
			path = Views;
			sourceTree = "<group>";
		};
		A4000007000000000000001 /* Models */ = {
			isa = PBXGroup;
			children = (
				A2000005000000000000001 /* PairedUser.swift */,
				A2000006000000000000001 /* HeartbeatSession.swift */,
				A2000015000000000000001 /* SharedModels.swift */,
			);
			path = Models;
			sourceTree = "<group>";
		};
		A4000008000000000000001 /* Services */ = {
			isa = PBXGroup;
			children = (
				A2000007000000000000001 /* FirebaseService.swift */,
				A2000008000000000000001 /* WatchConnectivityManager.swift */,
			);
			path = Services;
			sourceTree = "<group>";
		};
		A4000009000000000000001 /* Resources */ = {
			isa = PBXGroup;
			children = (
			);
			path = Resources;
			sourceTree = "<group>";
		};
		A400000B0000000000000001 /* Views */ = {
			isa = PBXGroup;
			children = (
				A2000009000000000000001 /* HeartbeatsWatchApp.swift */,
				A2000010000000000000001 /* HeartbeatStreamingView.swift */,
				A2000011000000000000001 /* HeartbeatReceivingView.swift */,
			);
			path = Views;
			sourceTree = "<group>";
		};
		A400000C0000000000000001 /* ViewModels */ = {
			isa = PBXGroup;
			children = (
				A2000012000000000000001 /* HeartbeatViewModel.swift */,
			);
			path = ViewModels;
			sourceTree = "<group>";
		};
		A400000D0000000000000001 /* Managers */ = {
			isa = PBXGroup;
			children = (
				A2000013000000000000001 /* HeartRateManager.swift */,
				A2000014000000000000001 /* HapticManager.swift */,
			);
			path = Managers;
			sourceTree = "<group>";
		};
/* End PBXGroup section */

/* Begin PBXNativeTarget section */
		A5000001000000000000001 /* Heartbeats */ = {
			isa = PBXNativeTarget;
			buildConfigurationList = A6000001000000000000001 /* Build configuration list for PBXNativeTarget "Heartbeats" */;
			buildPhases = (
				A7000001000000000000001 /* Sources */,
				A3000001000000000000001 /* Frameworks */,
				A7000002000000000000001 /* Resources */,
			);
			buildRules = (
			);
			dependencies = (
			);
			name = Heartbeats;
			productName = Heartbeats;
			productReference = A0000001000000000000001 /* Heartbeats.app */;
			productType = "com.apple.product-type.application";
		};
		A5000002000000000000001 /* Heartbeats Watch App */ = {
			isa = PBXNativeTarget;
			buildConfigurationList = A6000002000000000000001 /* Build configuration list for PBXNativeTarget "Heartbeats Watch App" */;
			buildPhases = (
				A7000003000000000000001 /* Sources */,
				A3000002000000000000001 /* Frameworks */,
				A7000004000000000000001 /* Resources */,
			);
			buildRules = (
			);
			dependencies = (
			);
			name = "Heartbeats Watch App";
			productName = "Heartbeats Watch App";
			productReference = A0000002000000000000001 /* Heartbeats Watch App.app */;
			productType = "com.apple.product-type.application.watchapp2";
		};
/* End PBXNativeTarget section */

/* Begin PBXProject section */
		A8000001000000000000001 /* Project object */ = {
			isa = PBXProject;
			attributes = {
				BuildIndependentTargetsInParallel = 1;
				LastSwiftUpdateCheck = 1500;
				LastUpgradeCheck = 1500;
			};
			buildConfigurationList = A6000003000000000000001 /* Build configuration list for PBXProject "Heartbeats" */;
			compatibilityVersion = "Xcode 14.0";
			developmentRegion = en;
			hasScannedForEncodings = 0;
			knownRegions = (
				en,
				Base,
			);
			mainGroup = A4000001000000000000001;
			productRefGroup = A4000004000000000000001 /* Products */;
			projectDirPath = "";
			projectRoot = "";
			targets = (
				A5000001000000000000001 /* Heartbeats */,
				A5000002000000000000001 /* Heartbeats Watch App */,
			);
		};
/* End PBXProject section */

/* Begin PBXResourcesBuildPhase section */
		A7000002000000000000001 /* Resources */ = {
			isa = PBXResourcesBuildPhase;
			buildActionMask = 2147483647;
			files = (
			);
			runOnlyForDeploymentPostprocessing = 0;
		};
		A7000004000000000000001 /* Resources */ = {
			isa = PBXResourcesBuildPhase;
			buildActionMask = 2147483647;
			files = (
			);
			runOnlyForDeploymentPostprocessing = 0;
		};
/* End PBXResourcesBuildPhase section */

/* Begin PBXSourcesBuildPhase section */
		A7000001000000000000001 /* Sources */ = {
			isa = PBXSourcesBuildPhase;
			buildActionMask = 2147483647;
			files = (
				A1000001000000000000001 /* HeartbeatsApp.swift in Sources */,
				A1000004000000000000001 /* MainTabView.swift in Sources */,
				A1000002000000000000001 /* PairingView.swift in Sources */,
				A1000003000000000000001 /* PairsListView.swift in Sources */,
				A1000005000000000000001 /* PairedUser.swift in Sources */,
				A1000006000000000000001 /* HeartbeatSession.swift in Sources */,
				A1000007000000000000001 /* FirebaseService.swift in Sources */,
				A1000008000000000000001 /* WatchConnectivityManager.swift in Sources */,
				A1000015000000000000001 /* SharedModels.swift in Sources */,
			);
			runOnlyForDeploymentPostprocessing = 0;
		};
		A7000003000000000000001 /* Sources */ = {
			isa = PBXSourcesBuildPhase;
			buildActionMask = 2147483647;
			files = (
				A1000009000000000000001 /* HeartbeatsWatchApp.swift in Sources */,
				A1000010000000000000001 /* HeartbeatStreamingView.swift in Sources */,
				A1000011000000000000001 /* HeartbeatReceivingView.swift in Sources */,
				A1000012000000000000001 /* HeartbeatViewModel.swift in Sources */,
				A1000013000000000000001 /* HeartRateManager.swift in Sources */,
				A1000014000000000000001 /* HapticManager.swift in Sources */,
			);
			runOnlyForDeploymentPostprocessing = 0;
		};
/* End PBXSourcesBuildPhase section */

/* Begin XCBuildConfiguration section */
		A9000001000000000000001 /* Debug */ = {
			isa = XCBuildConfiguration;
			buildSettings = {
				ALWAYS_SEARCH_USER_PATHS = NO;
				ASSETCATALOG_COMPILER_GENERATE_SWIFT_ASSET_SYMBOL_EXTENSIONS = YES;
				CLANG_ANALYZER_NONNULL = YES;
				CLANG_ANALYZER_NUMBER_OBJECT_CONVERSION = YES_AGGRESSIVE;
				CLANG_CXX_LANGUAGE_STANDARD = "gnu++20";
				CLANG_ENABLE_MODULES = YES;
				CLANG_ENABLE_OBJC_ARC = YES;
				CLANG_ENABLE_OBJC_WEAK = YES;
				CLANG_WARN_BLOCK_CAPTURE_AUTORELEASING = YES;
				CLANG_WARN_BOOL_CONVERSION = YES;
				CLANG_WARN_COMMA = YES;
				CLANG_WARN_CONSTANT_CONVERSION = YES;
				CLANG_WARN_DEPRECATED_OBJC_IMPLEMENTATIONS = YES;
				CLANG_WARN_DIRECT_OBJC_ISA_USAGE = YES_ERROR;
				CLANG_WARN_DOCUMENTATION_COMMENTS = YES;
				CLANG_WARN_EMPTY_BODY = YES;
				CLANG_WARN_ENUM_CONVERSION = YES;
				CLANG_WARN_INFINITE_RECURSION = YES;
				CLANG_WARN_INT_CONVERSION = YES;
				CLANG_WARN_NON_LITERAL_NULL_CONVERSION = YES;
				CLANG_WARN_OBJC_IMPLICIT_RETAIN_SELF = YES;
				CLANG_WARN_OBJC_LITERAL_CONVERSION = YES;
				CLANG_WARN_OBJC_ROOT_CLASS = YES_ERROR;
				CLANG_WARN_QUOTED_INCLUDE_IN_FRAMEWORK_HEADER = YES;
				CLANG_WARN_RANGE_LOOP_ANALYSIS = YES;
				CLANG_WARN_STRICT_PROTOTYPES = YES;
				CLANG_WARN_SUSPICIOUS_MOVE = YES;
				CLANG_WARN_UNGUARDED_AVAILABILITY = YES_AGGRESSIVE;
				CLANG_WARN_UNREACHABLE_CODE = YES;
				CLANG_WARN__DUPLICATE_METHOD_MATCH = YES;
				COPY_PHASE_STRIP = NO;
				DEBUG_INFORMATION_FORMAT = dwarf;
				ENABLE_STRICT_OBJC_MSGSEND = YES;
				ENABLE_TESTABILITY = YES;
				ENABLE_USER_SCRIPT_SANDBOXING = YES;
				GCC_C_LANGUAGE_STANDARD = gnu17;
				GCC_DYNAMIC_NO_PIC = NO;
				GCC_NO_COMMON_BLOCKS = YES;
				GCC_OPTIMIZATION_LEVEL = 0;
				GCC_PREPROCESSOR_DEFINITIONS = (
					"DEBUG=1",
					"$(inherited)",
				);
				GCC_WARN_64_TO_32_BIT_CONVERSION = YES;
				GCC_WARN_ABOUT_RETURN_TYPE = YES_ERROR;
				GCC_WARN_UNDECLARED_SELECTOR = YES;
				GCC_WARN_UNINITIALIZED_AUTOS = YES_AGGRESSIVE;
				GCC_WARN_UNUSED_FUNCTION = YES;
				GCC_WARN_UNUSED_VARIABLE = YES;
				IPHONEOS_DEPLOYMENT_TARGET = 17.0;
				LOCALIZATION_PREFERS_STRING_CATALOGS = YES;
				MTL_ENABLE_DEBUG_INFO = INCLUDE_SOURCE;
				MTL_FAST_MATH = YES;
				ONLY_ACTIVE_ARCH = YES;
				SDKROOT = iphoneos;
				SWIFT_ACTIVE_COMPILATION_CONDITIONS = "DEBUG $(inherited)";
				SWIFT_OPTIMIZATION_LEVEL = "-Onone";
			};
			name = Debug;
		};
		A9000002000000000000001 /* Release */ = {
			isa = XCBuildConfiguration;
			buildSettings = {
				ALWAYS_SEARCH_USER_PATHS = NO;
				ASSETCATALOG_COMPILER_GENERATE_SWIFT_ASSET_SYMBOL_EXTENSIONS = YES;
				CLANG_ANALYZER_NONNULL = YES;
				CLANG_ANALYZER_NUMBER_OBJECT_CONVERSION = YES_AGGRESSIVE;
				CLANG_CXX_LANGUAGE_STANDARD = "gnu++20";
				CLANG_ENABLE_MODULES = YES;
				CLANG_ENABLE_OBJC_ARC = YES;
				CLANG_ENABLE_OBJC_WEAK = YES;
				CLANG_WARN_BLOCK_CAPTURE_AUTORELEASING = YES;
				CLANG_WARN_BOOL_CONVERSION = YES;
				CLANG_WARN_COMMA = YES;
				CLANG_WARN_CONSTANT_CONVERSION = YES;
				CLANG_WARN_DEPRECATED_OBJC_IMPLEMENTATIONS = YES;
				CLANG_WARN_DIRECT_OBJC_ISA_USAGE = YES_ERROR;
				CLANG_WARN_DOCUMENTATION_COMMENTS = YES;
				CLANG_WARN_EMPTY_BODY = YES;
				CLANG_WARN_ENUM_CONVERSION = YES;
				CLANG_WARN_INFINITE_RECURSION = YES;
				CLANG_WARN_INT_CONVERSION = YES;
				CLANG_WARN_NON_LITERAL_NULL_CONVERSION = YES;
				CLANG_WARN_OBJC_IMPLICIT_RETAIN_SELF = YES;
				CLANG_WARN_OBJC_LITERAL_CONVERSION = YES;
				CLANG_WARN_OBJC_ROOT_CLASS = YES_ERROR;
				CLANG_WARN_QUOTED_INCLUDE_IN_FRAMEWORK_HEADER = YES;
				CLANG_WARN_RANGE_LOOP_ANALYSIS = YES;
				CLANG_WARN_STRICT_PROTOTYPES = YES;
				CLANG_WARN_SUSPICIOUS_MOVE = YES;
				CLANG_WARN_UNGUARDED_AVAILABILITY = YES_AGGRESSIVE;
				CLANG_WARN_UNREACHABLE_CODE = YES;
				CLANG_WARN__DUPLICATE_METHOD_MATCH = YES;
				COPY_PHASE_STRIP = NO;
				DEBUG_INFORMATION_FORMAT = "dwarf-with-dsym";
				ENABLE_NS_ASSERTIONS = NO;
				ENABLE_STRICT_OBJC_MSGSEND = YES;
				ENABLE_USER_SCRIPT_SANDBOXING = YES;
				GCC_C_LANGUAGE_STANDARD = gnu17;
				GCC_NO_COMMON_BLOCKS = YES;
				GCC_WARN_64_TO_32_BIT_CONVERSION = YES;
				GCC_WARN_ABOUT_RETURN_TYPE = YES_ERROR;
				GCC_WARN_UNDECLARED_SELECTOR = YES;
				GCC_WARN_UNINITIALIZED_AUTOS = YES_AGGRESSIVE;
				GCC_WARN_UNUSED_FUNCTION = YES;
				GCC_WARN_UNUSED_VARIABLE = YES;
				IPHONEOS_DEPLOYMENT_TARGET = 17.0;
				LOCALIZATION_PREFERS_STRING_CATALOGS = YES;
				MTL_ENABLE_DEBUG_INFO = NO;
				MTL_FAST_MATH = YES;
				SDKROOT = iphoneos;
				SWIFT_COMPILATION_MODE = wholemodule;
			};
			name = Release;
		};
		A9000003000000000000001 /* Debug */ = {
			isa = XCBuildConfiguration;
			buildSettings = {
				ASSETCATALOG_COMPILER_APPICON_NAME = AppIcon;
				CODE_SIGN_STYLE = Automatic;
				ENABLE_PREVIEWS = YES;
				INFOPLIST_FILE = Heartbeats/Info.plist;
				INFOPLIST_KEY_UIApplicationSceneManifest_Generation = YES;
				INFOPLIST_KEY_UIApplicationSupportsIndirectInputEvents = YES;
				INFOPLIST_KEY_UILaunchScreen_Generation = YES;
				INFOPLIST_KEY_UISupportedInterfaceOrientations = "UIInterfaceOrientationLandscapeLeft UIInterfaceOrientationLandscapeRight";
				INFOPLIST_KEY_UISupportedInterfaceOrientations_iPad = "UIInterfaceOrientationLandscapeLeft UIInterfaceOrientationLandscapeRight UIInterfaceOrientationPortrait UIInterfaceOrientationPortraitUpsideDown";
				LD_RUNPATH_SEARCH_PATHS = (
					"$(inherited)",
					"@executable_path/Frameworks",
				);
				PRODUCT_BUNDLE_IDENTIFIER = com.heartbeats.app;
				PRODUCT_NAME = "$(TARGET_NAME)";
				SWIFT_EMIT_LOC_STRINGS = YES;
				SWIFT_VERSION = 5.0;
				TARGETED_DEVICE_FAMILY = "1,2";
			};
			name = Debug;
		};
		A9000004000000000000001 /* Release */ = {
			isa = XCBuildConfiguration;
			buildSettings = {
				ASSETCATALOG_COMPILER_APPICON_NAME = AppIcon;
				CODE_SIGN_STYLE = Automatic;
				ENABLE_PREVIEWS = YES;
				INFOPLIST_FILE = Heartbeats/Info.plist;
				INFOPLIST_KEY_UIApplicationSceneManifest_Generation = YES;
				INFOPLIST_KEY_UIApplicationSupportsIndirectInputEvents = YES;
				INFOPLIST_KEY_UILaunchScreen_Generation = YES;
				INFOPLIST_KEY_UISupportedInterfaceOrientations = "UIInterfaceOrientationLandscapeLeft UIInterfaceOrientationLandscapeRight";
				INFOPLIST_KEY_UISupportedInterfaceOrientations_iPad = "UIInterfaceOrientationLandscapeLeft UIInterfaceOrientationLandscapeRight UIInterfaceOrientationPortrait UIInterfaceOrientationPortraitUpsideDown";
				LD_RUNPATH_SEARCH_PATHS = (
					"$(inherited)",
					"@executable_path/Frameworks",
				);
				PRODUCT_BUNDLE_IDENTIFIER = com.heartbeats.app;
				PRODUCT_NAME = "$(TARGET_NAME)";
				SWIFT_EMIT_LOC_STRINGS = YES;
				SWIFT_VERSION = 5.0;
				TARGETED_DEVICE_FAMILY = "1,2";
			};
			name = Release;
		};
		A9000005000000000000001 /* Debug */ = {
			isa = XCBuildConfiguration;
			buildSettings = {
				ASSETCATALOG_COMPILER_APPICON_NAME = AppIcon;
				CODE_SIGN_STYLE = Automatic;
				ENABLE_PREVIEWS = YES;
				INFOPLIST_FILE = "Heartbeats Watch App/Info.plist";
				INFOPLIST_KEY_WKCompanionAppBundleIdentifier = com.heartbeats.app;
				INFOPLIST_KEY_WKWatchOnly = NO;
				LD_RUNPATH_SEARCH_PATHS = (
					"$(inherited)",
					"@executable_path/Frameworks",
				);
				PRODUCT_BUNDLE_IDENTIFIER = com.heartbeats.app.watchkitapp;
				PRODUCT_NAME = "$(TARGET_NAME)";
				SKIP_INSTALL = YES;
				SWIFT_EMIT_LOC_STRINGS = YES;
				SWIFT_VERSION = 5.0;
				TARGETED_DEVICE_FAMILY = 4;
				WATCHOS_DEPLOYMENT_TARGET = 10.0;
			};
			name = Debug;
		};
		A9000006000000000000001 /* Release */ = {
			isa = XCBuildConfiguration;
			buildSettings = {
				ASSETCATALOG_COMPILER_APPICON_NAME = AppIcon;
				CODE_SIGN_STYLE = Automatic;
				ENABLE_PREVIEWS = YES;
				INFOPLIST_FILE = "Heartbeats Watch App/Info.plist";
				INFOPLIST_KEY_WKCompanionAppBundleIdentifier = com.heartbeats.app;
				INFOPLIST_KEY_WKWatchOnly = NO;
				LD_RUNPATH_SEARCH_PATHS = (
					"$(inherited)",
					"@executable_path/Frameworks",
				);
				PRODUCT_BUNDLE_IDENTIFIER = com.heartbeats.app.watchkitapp;
				PRODUCT_NAME = "$(TARGET_NAME)";
				SKIP_INSTALL = YES;
				SWIFT_EMIT_LOC_STRINGS = YES;
				SWIFT_VERSION = 5.0;
				TARGETED_DEVICE_FAMILY = 4;
				WATCHOS_DEPLOYMENT_TARGET = 10.0;
			};
			name = Release;
		};
/* End XCBuildConfiguration section */

/* Begin XCConfigurationList section */
		A6000001000000000000001 /* Build configuration list for PBXNativeTarget "Heartbeats" */ = {
			isa = XCConfigurationList;
			buildConfigurations = (
				A9000003000000000000001 /* Debug */,
				A9000004000000000000001 /* Release */,
			);
			defaultConfigurationIsVisible = 0;
			defaultConfigurationName = Release;
		};
		A6000002000000000000001 /* Build configuration list for PBXNativeTarget "Heartbeats Watch App" */ = {
			isa = XCConfigurationList;
			buildConfigurations = (
				A9000005000000000000001 /* Debug */,
				A9000006000000000000001 /* Release */,
			);
			defaultConfigurationIsVisible = 0;
			defaultConfigurationName = Release;
		};
		A6000003000000000000001 /* Build configuration list for PBXProject "Heartbeats" */ = {
			isa = XCConfigurationList;
			buildConfigurations = (
				A9000001000000000000001 /* Debug */,
				A9000002000000000000001 /* Release */,
			);
			defaultConfigurationIsVisible = 0;
			defaultConfigurationName = Release;
		};
/* End XCConfigurationList section */
	};
	rootObject = A8000001000000000000001 /* Project object */;
}
